// !$*UTF8*$!
{
	archiveVersion = 1;
	classes = {
	};
	objectVersion = 56;
	objects = {

/* Begin PBXBuildFile section */
		353F20A72B9F0BD70032CE95 /* Simulator.swift in Sources */ = {isa = PBXBuildFile; fileRef = 353F20A62B9F0BD70032CE95 /* Simulator.swift */; };
		353F20A92B9F0BFC0032CE95 /* SimulatorState.swift in Sources */ = {isa = PBXBuildFile; fileRef = 353F20A82B9F0BFC0032CE95 /* SimulatorState.swift */; };
		353F20AB2B9F0C1C0032CE95 /* SimulatorDataParserProtocol.swift in Sources */ = {isa = PBXBuildFile; fileRef = 353F20AA2B9F0C1C0032CE95 /* SimulatorDataParserProtocol.swift */; };
		353F20AD2B9F0C2E0032CE95 /* SimulatorDataParser.swift in Sources */ = {isa = PBXBuildFile; fileRef = 353F20AC2B9F0C2E0032CE95 /* SimulatorDataParser.swift */; };
		353F20AF2B9F0C4F0032CE95 /* SimulatorManagerProtocol.swift in Sources */ = {isa = PBXBuildFile; fileRef = 353F20AE2B9F0C4F0032CE95 /* SimulatorManagerProtocol.swift */; };
		353F20B12B9F0C670032CE95 /* SimulatorManager.swift in Sources */ = {isa = PBXBuildFile; fileRef = 353F20B02B9F0C670032CE95 /* SimulatorManager.swift */; };
		353F20B32B9F0D410032CE95 /* DeeplinkOpenerProtocol.swift in Sources */ = {isa = PBXBuildFile; fileRef = 353F20B22B9F0D410032CE95 /* DeeplinkOpenerProtocol.swift */; };
		356C45CC2B9ABB4C00DCA82D /* SBDeeplinkOpenerApp.swift in Sources */ = {isa = PBXBuildFile; fileRef = 356C45CB2B9ABB4C00DCA82D /* SBDeeplinkOpenerApp.swift */; };
		356C45CE2B9ABB4C00DCA82D /* ContentView.swift in Sources */ = {isa = PBXBuildFile; fileRef = 356C45CD2B9ABB4C00DCA82D /* ContentView.swift */; };
		356C45D02B9ABB4E00DCA82D /* Assets.xcassets in Resources */ = {isa = PBXBuildFile; fileRef = 356C45CF2B9ABB4E00DCA82D /* Assets.xcassets */; };
		356C45D32B9ABB4E00DCA82D /* Preview Assets.xcassets in Resources */ = {isa = PBXBuildFile; fileRef = 356C45D22B9ABB4E00DCA82D /* Preview Assets.xcassets */; };
		356C45DE2B9ABB4F00DCA82D /* SBDeeplinkOpenerTests.swift in Sources */ = {isa = PBXBuildFile; fileRef = 356C45DD2B9ABB4F00DCA82D /* SBDeeplinkOpenerTests.swift */; };
		356C45E82B9ABB4F00DCA82D /* SBDeeplinkOpenerUITests.swift in Sources */ = {isa = PBXBuildFile; fileRef = 356C45E72B9ABB4F00DCA82D /* SBDeeplinkOpenerUITests.swift */; };
		356C45EA2B9ABB4F00DCA82D /* SBDeeplinkOpenerUITestsLaunchTests.swift in Sources */ = {isa = PBXBuildFile; fileRef = 356C45E92B9ABB4F00DCA82D /* SBDeeplinkOpenerUITestsLaunchTests.swift */; };
		356C45F92B9ABD6F00DCA82D /* DeeplinkListView.swift in Sources */ = {isa = PBXBuildFile; fileRef = 356C45F82B9ABD6F00DCA82D /* DeeplinkListView.swift */; };
		356C45FB2B9ABE2200DCA82D /* DeeplinkEntity.swift in Sources */ = {isa = PBXBuildFile; fileRef = 356C45FA2B9ABE2200DCA82D /* DeeplinkEntity.swift */; };
		356C45FD2B9AC6D100DCA82D /* DeeplinkItemView.swift in Sources */ = {isa = PBXBuildFile; fileRef = 356C45FC2B9AC6D100DCA82D /* DeeplinkItemView.swift */; };
		356C45FF2B9ACEA800DCA82D /* DeeplinkDetailsView.swift in Sources */ = {isa = PBXBuildFile; fileRef = 356C45FE2B9ACEA800DCA82D /* DeeplinkDetailsView.swift */; };
		356C46022B9ACF9F00DCA82D /* FeatureListView.swift in Sources */ = {isa = PBXBuildFile; fileRef = 356C46012B9ACF9F00DCA82D /* FeatureListView.swift */; };
		356C46042B9AD0B100DCA82D /* InfoGroupView.swift in Sources */ = {isa = PBXBuildFile; fileRef = 356C46032B9AD0B100DCA82D /* InfoGroupView.swift */; };
		356C46062B9AD1D500DCA82D /* AppPrimaryButtonStyle.swift in Sources */ = {isa = PBXBuildFile; fileRef = 356C46052B9AD1D500DCA82D /* AppPrimaryButtonStyle.swift */; };
		356C46082B9AD39B00DCA82D /* AppDeeplinkOpener.swift in Sources */ = {isa = PBXBuildFile; fileRef = 356C46072B9AD39B00DCA82D /* AppDeeplinkOpener.swift */; };
/* End PBXBuildFile section */

/* Begin PBXContainerItemProxy section */
		356C45DA2B9ABB4F00DCA82D /* PBXContainerItemProxy */ = {
			isa = PBXContainerItemProxy;
			containerPortal = 356C45C02B9ABB4C00DCA82D /* Project object */;
			proxyType = 1;
			remoteGlobalIDString = 356C45C72B9ABB4C00DCA82D;
			remoteInfo = SBDeeplinkOpener;
		};
		356C45E42B9ABB4F00DCA82D /* PBXContainerItemProxy */ = {
			isa = PBXContainerItemProxy;
			containerPortal = 356C45C02B9ABB4C00DCA82D /* Project object */;
			proxyType = 1;
			remoteGlobalIDString = 356C45C72B9ABB4C00DCA82D;
			remoteInfo = SBDeeplinkOpener;
		};
/* End PBXContainerItemProxy section */

/* Begin PBXFileReference section */
		353F20A62B9F0BD70032CE95 /* Simulator.swift */ = {isa = PBXFileReference; lastKnownFileType = sourcecode.swift; path = Simulator.swift; sourceTree = "<group>"; };
		353F20A82B9F0BFC0032CE95 /* SimulatorState.swift */ = {isa = PBXFileReference; lastKnownFileType = sourcecode.swift; path = SimulatorState.swift; sourceTree = "<group>"; };
		353F20AA2B9F0C1C0032CE95 /* SimulatorDataParserProtocol.swift */ = {isa = PBXFileReference; lastKnownFileType = sourcecode.swift; path = SimulatorDataParserProtocol.swift; sourceTree = "<group>"; };
		353F20AC2B9F0C2E0032CE95 /* SimulatorDataParser.swift */ = {isa = PBXFileReference; lastKnownFileType = sourcecode.swift; path = SimulatorDataParser.swift; sourceTree = "<group>"; };
		353F20AE2B9F0C4F0032CE95 /* SimulatorManagerProtocol.swift */ = {isa = PBXFileReference; lastKnownFileType = sourcecode.swift; path = SimulatorManagerProtocol.swift; sourceTree = "<group>"; };
		353F20B02B9F0C670032CE95 /* SimulatorManager.swift */ = {isa = PBXFileReference; lastKnownFileType = sourcecode.swift; path = SimulatorManager.swift; sourceTree = "<group>"; };
		353F20B22B9F0D410032CE95 /* DeeplinkOpenerProtocol.swift */ = {isa = PBXFileReference; lastKnownFileType = sourcecode.swift; path = DeeplinkOpenerProtocol.swift; sourceTree = "<group>"; };
		356C45C82B9ABB4C00DCA82D /* SBDeeplinkOpener.app */ = {isa = PBXFileReference; explicitFileType = wrapper.application; includeInIndex = 0; path = SBDeeplinkOpener.app; sourceTree = BUILT_PRODUCTS_DIR; };
		356C45CB2B9ABB4C00DCA82D /* SBDeeplinkOpenerApp.swift */ = {isa = PBXFileReference; lastKnownFileType = sourcecode.swift; path = SBDeeplinkOpenerApp.swift; sourceTree = "<group>"; };
		356C45CD2B9ABB4C00DCA82D /* ContentView.swift */ = {isa = PBXFileReference; lastKnownFileType = sourcecode.swift; path = ContentView.swift; sourceTree = "<group>"; };
		356C45CF2B9ABB4E00DCA82D /* Assets.xcassets */ = {isa = PBXFileReference; lastKnownFileType = folder.assetcatalog; path = Assets.xcassets; sourceTree = "<group>"; };
		356C45D22B9ABB4E00DCA82D /* Preview Assets.xcassets */ = {isa = PBXFileReference; lastKnownFileType = folder.assetcatalog; path = "Preview Assets.xcassets"; sourceTree = "<group>"; };
		356C45D42B9ABB4E00DCA82D /* SBDeeplinkOpener.entitlements */ = {isa = PBXFileReference; lastKnownFileType = text.plist.entitlements; path = SBDeeplinkOpener.entitlements; sourceTree = "<group>"; };
		356C45D92B9ABB4F00DCA82D /* SBDeeplinkOpenerTests.xctest */ = {isa = PBXFileReference; explicitFileType = wrapper.cfbundle; includeInIndex = 0; path = SBDeeplinkOpenerTests.xctest; sourceTree = BUILT_PRODUCTS_DIR; };
		356C45DD2B9ABB4F00DCA82D /* SBDeeplinkOpenerTests.swift */ = {isa = PBXFileReference; lastKnownFileType = sourcecode.swift; path = SBDeeplinkOpenerTests.swift; sourceTree = "<group>"; };
		356C45E32B9ABB4F00DCA82D /* SBDeeplinkOpenerUITests.xctest */ = {isa = PBXFileReference; explicitFileType = wrapper.cfbundle; includeInIndex = 0; path = SBDeeplinkOpenerUITests.xctest; sourceTree = BUILT_PRODUCTS_DIR; };
		356C45E72B9ABB4F00DCA82D /* SBDeeplinkOpenerUITests.swift */ = {isa = PBXFileReference; lastKnownFileType = sourcecode.swift; path = SBDeeplinkOpenerUITests.swift; sourceTree = "<group>"; };
		356C45E92B9ABB4F00DCA82D /* SBDeeplinkOpenerUITestsLaunchTests.swift */ = {isa = PBXFileReference; lastKnownFileType = sourcecode.swift; path = SBDeeplinkOpenerUITestsLaunchTests.swift; sourceTree = "<group>"; };
		356C45F82B9ABD6F00DCA82D /* DeeplinkListView.swift */ = {isa = PBXFileReference; lastKnownFileType = sourcecode.swift; path = DeeplinkListView.swift; sourceTree = "<group>"; };
		356C45FA2B9ABE2200DCA82D /* DeeplinkEntity.swift */ = {isa = PBXFileReference; lastKnownFileType = sourcecode.swift; path = DeeplinkEntity.swift; sourceTree = "<group>"; };
		356C45FC2B9AC6D100DCA82D /* DeeplinkItemView.swift */ = {isa = PBXFileReference; lastKnownFileType = sourcecode.swift; path = DeeplinkItemView.swift; sourceTree = "<group>"; };
		356C45FE2B9ACEA800DCA82D /* DeeplinkDetailsView.swift */ = {isa = PBXFileReference; lastKnownFileType = sourcecode.swift; path = DeeplinkDetailsView.swift; sourceTree = "<group>"; };
		356C46012B9ACF9F00DCA82D /* FeatureListView.swift */ = {isa = PBXFileReference; lastKnownFileType = sourcecode.swift; path = FeatureListView.swift; sourceTree = "<group>"; };
		356C46032B9AD0B100DCA82D /* InfoGroupView.swift */ = {isa = PBXFileReference; lastKnownFileType = sourcecode.swift; path = InfoGroupView.swift; sourceTree = "<group>"; };
		356C46052B9AD1D500DCA82D /* AppPrimaryButtonStyle.swift */ = {isa = PBXFileReference; lastKnownFileType = sourcecode.swift; path = AppPrimaryButtonStyle.swift; sourceTree = "<group>"; };
		356C46072B9AD39B00DCA82D /* AppDeeplinkOpener.swift */ = {isa = PBXFileReference; lastKnownFileType = sourcecode.swift; path = AppDeeplinkOpener.swift; sourceTree = "<group>"; };
/* End PBXFileReference section */

/* Begin PBXFrameworksBuildPhase section */
		356C45C52B9ABB4C00DCA82D /* Frameworks */ = {
			isa = PBXFrameworksBuildPhase;
			buildActionMask = 2147483647;
			files = (
			);
			runOnlyForDeploymentPostprocessing = 0;
		};
		356C45D62B9ABB4F00DCA82D /* Frameworks */ = {
			isa = PBXFrameworksBuildPhase;
			buildActionMask = 2147483647;
			files = (
			);
			runOnlyForDeploymentPostprocessing = 0;
		};
		356C45E02B9ABB4F00DCA82D /* Frameworks */ = {
			isa = PBXFrameworksBuildPhase;
			buildActionMask = 2147483647;
			files = (
			);
			runOnlyForDeploymentPostprocessing = 0;
		};
/* End PBXFrameworksBuildPhase section */

/* Begin PBXGroup section */
		353F20B42B9F0D520032CE95 /* Core */ = {
			isa = PBXGroup;
			children = (
				353F20B62B9F0D6E0032CE95 /* SimualtorManager */,
				353F20B52B9F0D5B0032CE95 /* DeeplinkOpener */,
			);
			path = Core;
			sourceTree = "<group>";
		};
		353F20B52B9F0D5B0032CE95 /* DeeplinkOpener */ = {
			isa = PBXGroup;
			children = (
				356C46072B9AD39B00DCA82D /* AppDeeplinkOpener.swift */,
				353F20B22B9F0D410032CE95 /* DeeplinkOpenerProtocol.swift */,
			);
			path = DeeplinkOpener;
			sourceTree = "<group>";
		};
		353F20B62B9F0D6E0032CE95 /* SimualtorManager */ = {
			isa = PBXGroup;
			children = (
				353F20B72B9F0D860032CE95 /* Parser */,
				353F20A62B9F0BD70032CE95 /* Simulator.swift */,
				353F20A82B9F0BFC0032CE95 /* SimulatorState.swift */,
				353F20B02B9F0C670032CE95 /* SimulatorManager.swift */,
				353F20AE2B9F0C4F0032CE95 /* SimulatorManagerProtocol.swift */,
			);
			path = SimualtorManager;
			sourceTree = "<group>";
		};
		353F20B72B9F0D860032CE95 /* Parser */ = {
			isa = PBXGroup;
			children = (
				353F20AA2B9F0C1C0032CE95 /* SimulatorDataParserProtocol.swift */,
				353F20AC2B9F0C2E0032CE95 /* SimulatorDataParser.swift */,
			);
			path = Parser;
			sourceTree = "<group>";
		};
		353F20B82B9F0D960032CE95 /* Details */ = {
			isa = PBXGroup;
			children = (
				356C45FE2B9ACEA800DCA82D /* DeeplinkDetailsView.swift */,
				356C45FA2B9ABE2200DCA82D /* DeeplinkEntity.swift */,
			);
			path = Details;
			sourceTree = "<group>";
		};
		353F20B92B9F0DAA0032CE95 /* Feature */ = {
			isa = PBXGroup;
			children = (
				356C46012B9ACF9F00DCA82D /* FeatureListView.swift */,
			);
			path = Feature;
			sourceTree = "<group>";
		};
		353F20BA2B9F0DBF0032CE95 /* DesignSystem */ = {
			isa = PBXGroup;
			children = (
				356C46032B9AD0B100DCA82D /* InfoGroupView.swift */,
				356C46052B9AD1D500DCA82D /* AppPrimaryButtonStyle.swift */,
			);
			path = DesignSystem;
			sourceTree = "<group>";
		};
		356C45BF2B9ABB4C00DCA82D = {
			isa = PBXGroup;
			children = (
				356C45CA2B9ABB4C00DCA82D /* SBDeeplinkOpener */,
				356C45DC2B9ABB4F00DCA82D /* SBDeeplinkOpenerTests */,
				356C45E62B9ABB4F00DCA82D /* SBDeeplinkOpenerUITests */,
				356C45C92B9ABB4C00DCA82D /* Products */,
			);
			sourceTree = "<group>";
		};
		356C45C92B9ABB4C00DCA82D /* Products */ = {
			isa = PBXGroup;
			children = (
				356C45C82B9ABB4C00DCA82D /* SBDeeplinkOpener.app */,
				356C45D92B9ABB4F00DCA82D /* SBDeeplinkOpenerTests.xctest */,
				356C45E32B9ABB4F00DCA82D /* SBDeeplinkOpenerUITests.xctest */,
			);
			name = Products;
			sourceTree = "<group>";
		};
		356C45CA2B9ABB4C00DCA82D /* SBDeeplinkOpener */ = {
			isa = PBXGroup;
			children = (
				353F20BA2B9F0DBF0032CE95 /* DesignSystem */,
				353F20B42B9F0D520032CE95 /* Core */,
				356C45F62B9ABD5300DCA82D /* Feature */,
				356C45CB2B9ABB4C00DCA82D /* SBDeeplinkOpenerApp.swift */,
				356C45CD2B9ABB4C00DCA82D /* ContentView.swift */,
				356C45CF2B9ABB4E00DCA82D /* Assets.xcassets */,
				356C45D42B9ABB4E00DCA82D /* SBDeeplinkOpener.entitlements */,
				356C45D12B9ABB4E00DCA82D /* Preview Content */,
			);
			path = SBDeeplinkOpener;
			sourceTree = "<group>";
		};
		356C45D12B9ABB4E00DCA82D /* Preview Content */ = {
			isa = PBXGroup;
			children = (
				356C45D22B9ABB4E00DCA82D /* Preview Assets.xcassets */,
			);
			path = "Preview Content";
			sourceTree = "<group>";
		};
		356C45DC2B9ABB4F00DCA82D /* SBDeeplinkOpenerTests */ = {
			isa = PBXGroup;
			children = (
				356C45DD2B9ABB4F00DCA82D /* SBDeeplinkOpenerTests.swift */,
			);
			path = SBDeeplinkOpenerTests;
			sourceTree = "<group>";
		};
		356C45E62B9ABB4F00DCA82D /* SBDeeplinkOpenerUITests */ = {
			isa = PBXGroup;
			children = (
				356C45E72B9ABB4F00DCA82D /* SBDeeplinkOpenerUITests.swift */,
				356C45E92B9ABB4F00DCA82D /* SBDeeplinkOpenerUITestsLaunchTests.swift */,
			);
			path = SBDeeplinkOpenerUITests;
			sourceTree = "<group>";
		};
		356C45F62B9ABD5300DCA82D /* Feature */ = {
			isa = PBXGroup;
			children = (
				353F20B92B9F0DAA0032CE95 /* Feature */,
				353F20B82B9F0D960032CE95 /* Details */,
				356C45F72B9ABD5A00DCA82D /* DeeplinkList */,
			);
			path = Feature;
			sourceTree = "<group>";
		};
		356C45F72B9ABD5A00DCA82D /* DeeplinkList */ = {
			isa = PBXGroup;
			children = (
				356C45F82B9ABD6F00DCA82D /* DeeplinkListView.swift */,
				356C45FC2B9AC6D100DCA82D /* DeeplinkItemView.swift */,
			);
			path = DeeplinkList;
			sourceTree = "<group>";
		};
/* End PBXGroup section */

/* Begin PBXNativeTarget section */
		356C45C72B9ABB4C00DCA82D /* SBDeeplinkOpener */ = {
			isa = PBXNativeTarget;
			buildConfigurationList = 356C45ED2B9ABB4F00DCA82D /* Build configuration list for PBXNativeTarget "SBDeeplinkOpener" */;
			buildPhases = (
				356C45C42B9ABB4C00DCA82D /* Sources */,
				356C45C52B9ABB4C00DCA82D /* Frameworks */,
				356C45C62B9ABB4C00DCA82D /* Resources */,
			);
			buildRules = (
			);
			dependencies = (
			);
			name = SBDeeplinkOpener;
			productName = SBDeeplinkOpener;
			productReference = 356C45C82B9ABB4C00DCA82D /* SBDeeplinkOpener.app */;
			productType = "com.apple.product-type.application";
		};
		356C45D82B9ABB4F00DCA82D /* SBDeeplinkOpenerTests */ = {
			isa = PBXNativeTarget;
			buildConfigurationList = 356C45F02B9ABB4F00DCA82D /* Build configuration list for PBXNativeTarget "SBDeeplinkOpenerTests" */;
			buildPhases = (
				356C45D52B9ABB4F00DCA82D /* Sources */,
				356C45D62B9ABB4F00DCA82D /* Frameworks */,
				356C45D72B9ABB4F00DCA82D /* Resources */,
			);
			buildRules = (
			);
			dependencies = (
				356C45DB2B9ABB4F00DCA82D /* PBXTargetDependency */,
			);
			name = SBDeeplinkOpenerTests;
			productName = SBDeeplinkOpenerTests;
			productReference = 356C45D92B9ABB4F00DCA82D /* SBDeeplinkOpenerTests.xctest */;
			productType = "com.apple.product-type.bundle.unit-test";
		};
		356C45E22B9ABB4F00DCA82D /* SBDeeplinkOpenerUITests */ = {
			isa = PBXNativeTarget;
			buildConfigurationList = 356C45F32B9ABB4F00DCA82D /* Build configuration list for PBXNativeTarget "SBDeeplinkOpenerUITests" */;
			buildPhases = (
				356C45DF2B9ABB4F00DCA82D /* Sources */,
				356C45E02B9ABB4F00DCA82D /* Frameworks */,
				356C45E12B9ABB4F00DCA82D /* Resources */,
			);
			buildRules = (
			);
			dependencies = (
				356C45E52B9ABB4F00DCA82D /* PBXTargetDependency */,
			);
			name = SBDeeplinkOpenerUITests;
			productName = SBDeeplinkOpenerUITests;
			productReference = 356C45E32B9ABB4F00DCA82D /* SBDeeplinkOpenerUITests.xctest */;
			productType = "com.apple.product-type.bundle.ui-testing";
		};
/* End PBXNativeTarget section */

/* Begin PBXProject section */
		356C45C02B9ABB4C00DCA82D /* Project object */ = {
			isa = PBXProject;
			attributes = {
				BuildIndependentTargetsInParallel = 1;
				LastSwiftUpdateCheck = 1530;
				LastUpgradeCheck = 1530;
				TargetAttributes = {
					356C45C72B9ABB4C00DCA82D = {
						CreatedOnToolsVersion = 15.3;
					};
					356C45D82B9ABB4F00DCA82D = {
						CreatedOnToolsVersion = 15.3;
						TestTargetID = 356C45C72B9ABB4C00DCA82D;
					};
					356C45E22B9ABB4F00DCA82D = {
						CreatedOnToolsVersion = 15.3;
						TestTargetID = 356C45C72B9ABB4C00DCA82D;
					};
				};
			};
			buildConfigurationList = 356C45C32B9ABB4C00DCA82D /* Build configuration list for PBXProject "SBDeeplinkOpener" */;
			compatibilityVersion = "Xcode 14.0";
			developmentRegion = en;
			hasScannedForEncodings = 0;
			knownRegions = (
				en,
				Base,
			);
			mainGroup = 356C45BF2B9ABB4C00DCA82D;
			packageReferences = (
			);
			productRefGroup = 356C45C92B9ABB4C00DCA82D /* Products */;
			projectDirPath = "";
			projectRoot = "";
			targets = (
				356C45C72B9ABB4C00DCA82D /* SBDeeplinkOpener */,
				356C45D82B9ABB4F00DCA82D /* SBDeeplinkOpenerTests */,
				356C45E22B9ABB4F00DCA82D /* SBDeeplinkOpenerUITests */,
			);
		};
/* End PBXProject section */

/* Begin PBXResourcesBuildPhase section */
		356C45C62B9ABB4C00DCA82D /* Resources */ = {
			isa = PBXResourcesBuildPhase;
			buildActionMask = 2147483647;
			files = (
				356C45D32B9ABB4E00DCA82D /* Preview Assets.xcassets in Resources */,
				356C45D02B9ABB4E00DCA82D /* Assets.xcassets in Resources */,
			);
			runOnlyForDeploymentPostprocessing = 0;
		};
		356C45D72B9ABB4F00DCA82D /* Resources */ = {
			isa = PBXResourcesBuildPhase;
			buildActionMask = 2147483647;
			files = (
			);
			runOnlyForDeploymentPostprocessing = 0;
		};
		356C45E12B9ABB4F00DCA82D /* Resources */ = {
			isa = PBXResourcesBuildPhase;
			buildActionMask = 2147483647;
			files = (
			);
			runOnlyForDeploymentPostprocessing = 0;
		};
/* End PBXResourcesBuildPhase section */

/* Begin PBXSourcesBuildPhase section */
		356C45C42B9ABB4C00DCA82D /* Sources */ = {
			isa = PBXSourcesBuildPhase;
			buildActionMask = 2147483647;
			files = (
				353F20A72B9F0BD70032CE95 /* Simulator.swift in Sources */,
				356C46022B9ACF9F00DCA82D /* FeatureListView.swift in Sources */,
				356C45FB2B9ABE2200DCA82D /* DeeplinkEntity.swift in Sources */,
				356C46042B9AD0B100DCA82D /* InfoGroupView.swift in Sources */,
				353F20AF2B9F0C4F0032CE95 /* SimulatorManagerProtocol.swift in Sources */,
				353F20A92B9F0BFC0032CE95 /* SimulatorState.swift in Sources */,
				356C45FF2B9ACEA800DCA82D /* DeeplinkDetailsView.swift in Sources */,
				353F20AB2B9F0C1C0032CE95 /* SimulatorDataParserProtocol.swift in Sources */,
				356C46082B9AD39B00DCA82D /* AppDeeplinkOpener.swift in Sources */,
				356C45F92B9ABD6F00DCA82D /* DeeplinkListView.swift in Sources */,
				356C45CE2B9ABB4C00DCA82D /* ContentView.swift in Sources */,
				353F20B32B9F0D410032CE95 /* DeeplinkOpenerProtocol.swift in Sources */,
				356C45FD2B9AC6D100DCA82D /* DeeplinkItemView.swift in Sources */,
				353F20B12B9F0C670032CE95 /* SimulatorManager.swift in Sources */,
				356C46062B9AD1D500DCA82D /* AppPrimaryButtonStyle.swift in Sources */,
				356C45CC2B9ABB4C00DCA82D /* SBDeeplinkOpenerApp.swift in Sources */,
				353F20AD2B9F0C2E0032CE95 /* SimulatorDataParser.swift in Sources */,
			);
			runOnlyForDeploymentPostprocessing = 0;
		};
		356C45D52B9ABB4F00DCA82D /* Sources */ = {
			isa = PBXSourcesBuildPhase;
			buildActionMask = 2147483647;
			files = (
				356C45DE2B9ABB4F00DCA82D /* SBDeeplinkOpenerTests.swift in Sources */,
			);
			runOnlyForDeploymentPostprocessing = 0;
		};
		356C45DF2B9ABB4F00DCA82D /* Sources */ = {
			isa = PBXSourcesBuildPhase;
			buildActionMask = 2147483647;
			files = (
				356C45EA2B9ABB4F00DCA82D /* SBDeeplinkOpenerUITestsLaunchTests.swift in Sources */,
				356C45E82B9ABB4F00DCA82D /* SBDeeplinkOpenerUITests.swift in Sources */,
			);
			runOnlyForDeploymentPostprocessing = 0;
		};
/* End PBXSourcesBuildPhase section */

/* Begin PBXTargetDependency section */
		356C45DB2B9ABB4F00DCA82D /* PBXTargetDependency */ = {
			isa = PBXTargetDependency;
			target = 356C45C72B9ABB4C00DCA82D /* SBDeeplinkOpener */;
			targetProxy = 356C45DA2B9ABB4F00DCA82D /* PBXContainerItemProxy */;
		};
		356C45E52B9ABB4F00DCA82D /* PBXTargetDependency */ = {
			isa = PBXTargetDependency;
			target = 356C45C72B9ABB4C00DCA82D /* SBDeeplinkOpener */;
			targetProxy = 356C45E42B9ABB4F00DCA82D /* PBXContainerItemProxy */;
		};
/* End PBXTargetDependency section */

/* Begin XCBuildConfiguration section */
		356C45EB2B9ABB4F00DCA82D /* Debug */ = {
			isa = XCBuildConfiguration;
			buildSettings = {
				ALWAYS_SEARCH_USER_PATHS = NO;
				ASSETCATALOG_COMPILER_GENERATE_SWIFT_ASSET_SYMBOL_EXTENSIONS = YES;
				CLANG_ANALYZER_NONNULL = YES;
				CLANG_ANALYZER_NUMBER_OBJECT_CONVERSION = YES_AGGRESSIVE;
				CLANG_CXX_LANGUAGE_STANDARD = "gnu++20";
				CLANG_ENABLE_MODULES = YES;
				CLANG_ENABLE_OBJC_ARC = YES;
				CLANG_ENABLE_OBJC_WEAK = YES;
				CLANG_WARN_BLOCK_CAPTURE_AUTORELEASING = YES;
				CLANG_WARN_BOOL_CONVERSION = YES;
				CLANG_WARN_COMMA = YES;
				CLANG_WARN_CONSTANT_CONVERSION = YES;
				CLANG_WARN_DEPRECATED_OBJC_IMPLEMENTATIONS = YES;
				CLANG_WARN_DIRECT_OBJC_ISA_USAGE = YES_ERROR;
				CLANG_WARN_DOCUMENTATION_COMMENTS = YES;
				CLANG_WARN_EMPTY_BODY = YES;
				CLANG_WARN_ENUM_CONVERSION = YES;
				CLANG_WARN_INFINITE_RECURSION = YES;
				CLANG_WARN_INT_CONVERSION = YES;
				CLANG_WARN_NON_LITERAL_NULL_CONVERSION = YES;
				CLANG_WARN_OBJC_IMPLICIT_RETAIN_SELF = YES;
				CLANG_WARN_OBJC_LITERAL_CONVERSION = YES;
				CLANG_WARN_OBJC_ROOT_CLASS = YES_ERROR;
				CLANG_WARN_QUOTED_INCLUDE_IN_FRAMEWORK_HEADER = YES;
				CLANG_WARN_RANGE_LOOP_ANALYSIS = YES;
				CLANG_WARN_STRICT_PROTOTYPES = YES;
				CLANG_WARN_SUSPICIOUS_MOVE = YES;
				CLANG_WARN_UNGUARDED_AVAILABILITY = YES_AGGRESSIVE;
				CLANG_WARN_UNREACHABLE_CODE = YES;
				CLANG_WARN__DUPLICATE_METHOD_MATCH = YES;
				COPY_PHASE_STRIP = NO;
				DEBUG_INFORMATION_FORMAT = dwarf;
				ENABLE_STRICT_OBJC_MSGSEND = YES;
				ENABLE_TESTABILITY = YES;
				ENABLE_USER_SCRIPT_SANDBOXING = YES;
				GCC_C_LANGUAGE_STANDARD = gnu17;
				GCC_DYNAMIC_NO_PIC = NO;
				GCC_NO_COMMON_BLOCKS = YES;
				GCC_OPTIMIZATION_LEVEL = 0;
				GCC_PREPROCESSOR_DEFINITIONS = (
					"DEBUG=1",
					"$(inherited)",
				);
				GCC_WARN_64_TO_32_BIT_CONVERSION = YES;
				GCC_WARN_ABOUT_RETURN_TYPE = YES_ERROR;
				GCC_WARN_UNDECLARED_SELECTOR = YES;
				GCC_WARN_UNINITIALIZED_AUTOS = YES_AGGRESSIVE;
				GCC_WARN_UNUSED_FUNCTION = YES;
				GCC_WARN_UNUSED_VARIABLE = YES;
				LOCALIZATION_PREFERS_STRING_CATALOGS = YES;
				MACOSX_DEPLOYMENT_TARGET = 14.1;
				MTL_ENABLE_DEBUG_INFO = INCLUDE_SOURCE;
				MTL_FAST_MATH = YES;
				ONLY_ACTIVE_ARCH = YES;
				SDKROOT = macosx;
				SWIFT_ACTIVE_COMPILATION_CONDITIONS = "DEBUG $(inherited)";
				SWIFT_OPTIMIZATION_LEVEL = "-Onone";
			};
			name = Debug;
		};
		356C45EC2B9ABB4F00DCA82D /* Release */ = {
			isa = XCBuildConfiguration;
			buildSettings = {
				ALWAYS_SEARCH_USER_PATHS = NO;
				ASSETCATALOG_COMPILER_GENERATE_SWIFT_ASSET_SYMBOL_EXTENSIONS = YES;
				CLANG_ANALYZER_NONNULL = YES;
				CLANG_ANALYZER_NUMBER_OBJECT_CONVERSION = YES_AGGRESSIVE;
				CLANG_CXX_LANGUAGE_STANDARD = "gnu++20";
				CLANG_ENABLE_MODULES = YES;
				CLANG_ENABLE_OBJC_ARC = YES;
				CLANG_ENABLE_OBJC_WEAK = YES;
				CLANG_WARN_BLOCK_CAPTURE_AUTORELEASING = YES;
				CLANG_WARN_BOOL_CONVERSION = YES;
				CLANG_WARN_COMMA = YES;
				CLANG_WARN_CONSTANT_CONVERSION = YES;
				CLANG_WARN_DEPRECATED_OBJC_IMPLEMENTATIONS = YES;
				CLANG_WARN_DIRECT_OBJC_ISA_USAGE = YES_ERROR;
				CLANG_WARN_DOCUMENTATION_COMMENTS = YES;
				CLANG_WARN_EMPTY_BODY = YES;
				CLANG_WARN_ENUM_CONVERSION = YES;
				CLANG_WARN_INFINITE_RECURSION = YES;
				CLANG_WARN_INT_CONVERSION = YES;
				CLANG_WARN_NON_LITERAL_NULL_CONVERSION = YES;
				CLANG_WARN_OBJC_IMPLICIT_RETAIN_SELF = YES;
				CLANG_WARN_OBJC_LITERAL_CONVERSION = YES;
				CLANG_WARN_OBJC_ROOT_CLASS = YES_ERROR;
				CLANG_WARN_QUOTED_INCLUDE_IN_FRAMEWORK_HEADER = YES;
				CLANG_WARN_RANGE_LOOP_ANALYSIS = YES;
				CLANG_WARN_STRICT_PROTOTYPES = YES;
				CLANG_WARN_SUSPICIOUS_MOVE = YES;
				CLANG_WARN_UNGUARDED_AVAILABILITY = YES_AGGRESSIVE;
				CLANG_WARN_UNREACHABLE_CODE = YES;
				CLANG_WARN__DUPLICATE_METHOD_MATCH = YES;
				COPY_PHASE_STRIP = NO;
				DEBUG_INFORMATION_FORMAT = "dwarf-with-dsym";
				ENABLE_NS_ASSERTIONS = NO;
				ENABLE_STRICT_OBJC_MSGSEND = YES;
				ENABLE_USER_SCRIPT_SANDBOXING = YES;
				GCC_C_LANGUAGE_STANDARD = gnu17;
				GCC_NO_COMMON_BLOCKS = YES;
				GCC_WARN_64_TO_32_BIT_CONVERSION = YES;
				GCC_WARN_ABOUT_RETURN_TYPE = YES_ERROR;
				GCC_WARN_UNDECLARED_SELECTOR = YES;
				GCC_WARN_UNINITIALIZED_AUTOS = YES_AGGRESSIVE;
				GCC_WARN_UNUSED_FUNCTION = YES;
				GCC_WARN_UNUSED_VARIABLE = YES;
				LOCALIZATION_PREFERS_STRING_CATALOGS = YES;
				MACOSX_DEPLOYMENT_TARGET = 14.1;
				MTL_ENABLE_DEBUG_INFO = NO;
				MTL_FAST_MATH = YES;
				SDKROOT = macosx;
				SWIFT_COMPILATION_MODE = wholemodule;
			};
			name = Release;
		};
		356C45EE2B9ABB4F00DCA82D /* Debug */ = {
			isa = XCBuildConfiguration;
			buildSettings = {
				ASSETCATALOG_COMPILER_APPICON_NAME = AppIcon;
				ASSETCATALOG_COMPILER_GLOBAL_ACCENT_COLOR_NAME = AccentColor;
				CODE_SIGN_ENTITLEMENTS = SBDeeplinkOpener/SBDeeplinkOpener.entitlements;
				CODE_SIGN_STYLE = Automatic;
				COMBINE_HIDPI_IMAGES = YES;
				CURRENT_PROJECT_VERSION = 1;
				DEVELOPMENT_ASSET_PATHS = "\"SBDeeplinkOpener/Preview Content\"";
				DEVELOPMENT_TEAM = 63768R85VC;
				ENABLE_HARDENED_RUNTIME = YES;
				ENABLE_PREVIEWS = YES;
				GENERATE_INFOPLIST_FILE = YES;
				INFOPLIST_KEY_NSHumanReadableCopyright = "";
				LD_RUNPATH_SEARCH_PATHS = (
					"$(inherited)",
					"@executable_path/../Frameworks",
				);
				MARKETING_VERSION = 1.0;
				PRODUCT_BUNDLE_IDENTIFIER = tom.pham.deeplinkOpener.SBDeeplinkOpener;
				PRODUCT_NAME = "$(TARGET_NAME)";
				SWIFT_EMIT_LOC_STRINGS = YES;
				SWIFT_VERSION = 5.9;
			};
			name = Debug;
		};
		356C45EF2B9ABB4F00DCA82D /* Release */ = {
			isa = XCBuildConfiguration;
			buildSettings = {
				ASSETCATALOG_COMPILER_APPICON_NAME = AppIcon;
				ASSETCATALOG_COMPILER_GLOBAL_ACCENT_COLOR_NAME = AccentColor;
				CODE_SIGN_ENTITLEMENTS = SBDeeplinkOpener/SBDeeplinkOpener.entitlements;
				CODE_SIGN_STYLE = Automatic;
				COMBINE_HIDPI_IMAGES = YES;
				CURRENT_PROJECT_VERSION = 1;
				DEVELOPMENT_ASSET_PATHS = "\"SBDeeplinkOpener/Preview Content\"";
				DEVELOPMENT_TEAM = 63768R85VC;
				ENABLE_HARDENED_RUNTIME = YES;
				ENABLE_PREVIEWS = YES;
				GENERATE_INFOPLIST_FILE = YES;
				INFOPLIST_KEY_NSHumanReadableCopyright = "";
				LD_RUNPATH_SEARCH_PATHS = (
					"$(inherited)",
					"@executable_path/../Frameworks",
				);
				MARKETING_VERSION = 1.0;
				PRODUCT_BUNDLE_IDENTIFIER = tom.pham.deeplinkOpener.SBDeeplinkOpener;
				PRODUCT_NAME = "$(TARGET_NAME)";
				SWIFT_EMIT_LOC_STRINGS = YES;
				SWIFT_VERSION = 5.9;
			};
			name = Release;
		};
		356C45F12B9ABB4F00DCA82D /* Debug */ = {
			isa = XCBuildConfiguration;
			buildSettings = {
				ALWAYS_EMBED_SWIFT_STANDARD_LIBRARIES = YES;
				BUNDLE_LOADER = "$(TEST_HOST)";
				CODE_SIGN_STYLE = Automatic;
				CURRENT_PROJECT_VERSION = 1;
				DEVELOPMENT_TEAM = 63768R85VC;
				GENERATE_INFOPLIST_FILE = YES;
				MACOSX_DEPLOYMENT_TARGET = 14.1;
				MARKETING_VERSION = 1.0;
				PRODUCT_BUNDLE_IDENTIFIER = tom.pham.deeplinkOpener.SBDeeplinkOpenerTests;
				PRODUCT_NAME = "$(TARGET_NAME)";
				SWIFT_EMIT_LOC_STRINGS = NO;
				SWIFT_VERSION = 5.9;
				TEST_HOST = "$(BUILT_PRODUCTS_DIR)/SBDeeplinkOpener.app/$(BUNDLE_EXECUTABLE_FOLDER_PATH)/SBDeeplinkOpener";
			};
			name = Debug;
		};
		356C45F22B9ABB4F00DCA82D /* Release */ = {
			isa = XCBuildConfiguration;
			buildSettings = {
				ALWAYS_EMBED_SWIFT_STANDARD_LIBRARIES = YES;
				BUNDLE_LOADER = "$(TEST_HOST)";
				CODE_SIGN_STYLE = Automatic;
				CURRENT_PROJECT_VERSION = 1;
				DEVELOPMENT_TEAM = 63768R85VC;
				GENERATE_INFOPLIST_FILE = YES;
				MACOSX_DEPLOYMENT_TARGET = 14.1;
				MARKETING_VERSION = 1.0;
				PRODUCT_BUNDLE_IDENTIFIER = tom.pham.deeplinkOpener.SBDeeplinkOpenerTests;
				PRODUCT_NAME = "$(TARGET_NAME)";
				SWIFT_EMIT_LOC_STRINGS = NO;
				SWIFT_VERSION = 5.9;
				TEST_HOST = "$(BUILT_PRODUCTS_DIR)/SBDeeplinkOpener.app/$(BUNDLE_EXECUTABLE_FOLDER_PATH)/SBDeeplinkOpener";
			};
			name = Release;
		};
		356C45F42B9ABB4F00DCA82D /* Debug */ = {
			isa = XCBuildConfiguration;
			buildSettings = {
				ALWAYS_EMBED_SWIFT_STANDARD_LIBRARIES = YES;
				CODE_SIGN_STYLE = Automatic;
				CURRENT_PROJECT_VERSION = 1;
				DEVELOPMENT_TEAM = 63768R85VC;
				GENERATE_INFOPLIST_FILE = YES;
				MARKETING_VERSION = 1.0;
				PRODUCT_BUNDLE_IDENTIFIER = tom.pham.deeplinkOpener.SBDeeplinkOpenerUITests;
				PRODUCT_NAME = "$(TARGET_NAME)";
				SWIFT_EMIT_LOC_STRINGS = NO;
				SWIFT_VERSION = 5.9;
				TEST_TARGET_NAME = SBDeeplinkOpener;
			};
			name = Debug;
		};
		356C45F52B9ABB4F00DCA82D /* Release */ = {
			isa = XCBuildConfiguration;
			buildSettings = {
				ALWAYS_EMBED_SWIFT_STANDARD_LIBRARIES = YES;
				CODE_SIGN_STYLE = Automatic;
				CURRENT_PROJECT_VERSION = 1;
				DEVELOPMENT_TEAM = 63768R85VC;
				GENERATE_INFOPLIST_FILE = YES;
				MARKETING_VERSION = 1.0;
				PRODUCT_BUNDLE_IDENTIFIER = tom.pham.deeplinkOpener.SBDeeplinkOpenerUITests;
				PRODUCT_NAME = "$(TARGET_NAME)";
				SWIFT_EMIT_LOC_STRINGS = NO;
				SWIFT_VERSION = 5.9;
				TEST_TARGET_NAME = SBDeeplinkOpener;
			};
			name = Release;
		};
/* End XCBuildConfiguration section */

/* Begin XCConfigurationList section */
		356C45C32B9ABB4C00DCA82D /* Build configuration list for PBXProject "SBDeeplinkOpener" */ = {
			isa = XCConfigurationList;
			buildConfigurations = (
				356C45EB2B9ABB4F00DCA82D /* Debug */,
				356C45EC2B9ABB4F00DCA82D /* Release */,
			);
			defaultConfigurationIsVisible = 0;
			defaultConfigurationName = Release;
		};
		356C45ED2B9ABB4F00DCA82D /* Build configuration list for PBXNativeTarget "SBDeeplinkOpener" */ = {
			isa = XCConfigurationList;
			buildConfigurations = (
				356C45EE2B9ABB4F00DCA82D /* Debug */,
				356C45EF2B9ABB4F00DCA82D /* Release */,
			);
			defaultConfigurationIsVisible = 0;
			defaultConfigurationName = Release;
		};
		356C45F02B9ABB4F00DCA82D /* Build configuration list for PBXNativeTarget "SBDeeplinkOpenerTests" */ = {
			isa = XCConfigurationList;
			buildConfigurations = (
				356C45F12B9ABB4F00DCA82D /* Debug */,
				356C45F22B9ABB4F00DCA82D /* Release */,
			);
			defaultConfigurationIsVisible = 0;
			defaultConfigurationName = Release;
		};
		356C45F32B9ABB4F00DCA82D /* Build configuration list for PBXNativeTarget "SBDeeplinkOpenerUITests" */ = {
			isa = XCConfigurationList;
			buildConfigurations = (
				356C45F42B9ABB4F00DCA82D /* Debug */,
				356C45F52B9ABB4F00DCA82D /* Release */,
			);
			defaultConfigurationIsVisible = 0;
			defaultConfigurationName = Release;
		};
/* End XCConfigurationList section */
	};
	rootObject = 356C45C02B9ABB4C00DCA82D /* Project object */;
}
